
Microsoft Visual Studio Solution File, Format Version 12.00
# Visual Studio Version 16
VisualStudioVersion = 16.0.31911.196
MinimumVisualStudioVersion = 10.0.40219.1
Project("{FAE04EC0-301F-11D3-BF4B-00C04F79EFBC}") = "DIConsoleApp", "DIConsoleApp\DIConsoleApp.csproj", "{6474E729-296A-4B66-83DB-38EBCC9C6699}"
EndProject
Global
	GlobalSection(SolutionConfigurationPlatforms) = preSolution
		Debug|Any CPU = Debug|Any CPU
		Release|Any CPU = Release|Any CPU
	EndGlobalSection
	GlobalSection(ProjectConfigurationPlatforms) = postSolution
		{6474E729-296A-4B66-83DB-38EBCC9C6699}.Debug|Any CPU.ActiveCfg = Debug|Any CPU
		{6474E729-296A-4B66-83DB-38EBCC9C6699}.Debug|Any CPU.Build.0 = Debug|Any CPU
		{6474E729-296A-4B66-83DB-38EBCC9C6699}.Release|Any CPU.ActiveCfg = Release|Any CPU
		{6474E729-296A-4B66-83DB-38EBCC9C6699}.Release|Any CPU.Build.0 = Release|Any CPU
	EndGlobalSection
	GlobalSection(SolutionProperties) = preSolution
		HideSolutionNode = FALSE
	EndGlobalSection
	GlobalSection(ExtensibilityGlobals) = postSolution
		SolutionGuid = {230E1720-98E3-4875-842C-E99BDE893AB8}
	EndGlobalSection
EndGlobal
